
Microsoft Visual Studio Solution File, Format Version 12.00
# Visual Studio Version 16
VisualStudioVersion = 16.0.31515.178
MinimumVisualStudioVersion = 10.0.40219.1
Project("{FAE04EC0-301F-11D3-BF4B-00C04F79EFBC}") = "AoiSoraShop.WebApp", "AoiSoraShop.WebApp\AoiSoraShop.WebApp.csproj", "{EF954211-B56C-47E9-B26D-8957D6B99E11}"
EndProject
Project("{FAE04EC0-301F-11D3-BF4B-00C04F79EFBC}") = "AoiSoraShop.Data", "AoiSoraShop.Data\AoiSoraShop.Data.csproj", "{F8288145-2F93-4B8A-BF64-703B5F14A8BE}"
EndProject
Project("{FAE04EC0-301F-11D3-BF4B-00C04F79EFBC}") = "AoiSoraShop.Application", "AoiSoraShop.Application\AoiSoraShop.Application.csproj", "{A5F4EEB1-77A1-4D2C-95F8-F4BF4D841E8B}"
EndProject
Global
	GlobalSection(SolutionConfigurationPlatforms) = preSolution
		Debug|Any CPU = Debug|Any CPU
		Release|Any CPU = Release|Any CPU
	EndGlobalSection
	GlobalSection(ProjectConfigurationPlatforms) = postSolution
		{EF954211-B56C-47E9-B26D-8957D6B99E11}.Debug|Any CPU.ActiveCfg = Debug|Any CPU
		{EF954211-B56C-47E9-B26D-8957D6B99E11}.Debug|Any CPU.Build.0 = Debug|Any CPU
		{EF954211-B56C-47E9-B26D-8957D6B99E11}.Release|Any CPU.ActiveCfg = Release|Any CPU
		{EF954211-B56C-47E9-B26D-8957D6B99E11}.Release|Any CPU.Build.0 = Release|Any CPU
		{F8288145-2F93-4B8A-BF64-703B5F14A8BE}.Debug|Any CPU.ActiveCfg = Debug|Any CPU
		{F8288145-2F93-4B8A-BF64-703B5F14A8BE}.Debug|Any CPU.Build.0 = Debug|Any CPU
		{F8288145-2F93-4B8A-BF64-703B5F14A8BE}.Release|Any CPU.ActiveCfg = Release|Any CPU
		{F8288145-2F93-4B8A-BF64-703B5F14A8BE}.Release|Any CPU.Build.0 = Release|Any CPU
		{A5F4EEB1-77A1-4D2C-95F8-F4BF4D841E8B}.Debug|Any CPU.ActiveCfg = Debug|Any CPU
		{A5F4EEB1-77A1-4D2C-95F8-F4BF4D841E8B}.Debug|Any CPU.Build.0 = Debug|Any CPU
		{A5F4EEB1-77A1-4D2C-95F8-F4BF4D841E8B}.Release|Any CPU.ActiveCfg = Release|Any CPU
		{A5F4EEB1-77A1-4D2C-95F8-F4BF4D841E8B}.Release|Any CPU.Build.0 = Release|Any CPU
	EndGlobalSection
	GlobalSection(SolutionProperties) = preSolution
		HideSolutionNode = FALSE
	EndGlobalSection
	GlobalSection(ExtensibilityGlobals) = postSolution
		SolutionGuid = {5B9BDC0C-2639-4705-B01A-234916905C2C}
	EndGlobalSection
EndGlobal
